{
  "name": "@flanksource/commons-db-ui",
  "version": "0.1.0",
  "lockfileVersion": 3,
  "requires": true,
  "packages": {
    "": {
      "name": "@flanksource/commons-db-ui",
      "version": "0.1.0",
      "license": "Apache-2.0",
      "peerDependencies": {
        "@flanksource/clicky-ui": "^0.3.36",
        "@tanstack/react-query": "^5.66.8",
        "react": "^18.3.1 || ^19.0.0",
        "react-dom": "^18.3.1 || ^19.0.0"
      }
    },
    "../../node_modules/.pnpm/@tanstack+react-query@5.101.4_react@18.3.1/node_modules/@tanstack/react-query": {
      "version": "5.101.4",
      "license": "MIT",
      "peer": true,
      "dependencies": {
        "@tanstack/query-core": "5.101.4"
      },
      "devDependencies": {
        "@tanstack/query-persist-client-core": "5.101.4",
        "@tanstack/query-test-utils": "0.0.0",
        "@testing-library/react": "^16.1.0",
        "@testing-library/react-render-stream": "^2.0.2",
        "@types/react": "^19.2.7",
        "@types/react-dom": "^19.2.3",
        "@vitejs/plugin-react": "^4.3.4",
        "cpy-cli": "^5.0.0",
        "npm-run-all2": "^5.0.0",
        "react": "^19.2.1",
        "react-dom": "^19.2.1",
        "react-error-boundary": "^4.1.2"
      },
      "funding": {
        "type": "github",
        "url": "https://github.com/sponsors/tannerlinsley"
      },
      "peerDependencies": {
        "react": "^18 || ^19"
      }
    },
    "../../node_modules/.pnpm/react-dom@18.3.1_react@18.3.1/node_modules/react-dom": {
      "version": "18.3.1",
      "license": "MIT",
      "peer": true,
      "dependencies": {
        "loose-envify": "^1.1.0",
        "scheduler": "^0.23.2"
      },
      "peerDependencies": {
        "react": "^18.3.1"
      }
    },
    "../../node_modules/.pnpm/react@18.3.1/node_modules/react": {
      "version": "18.3.1",
      "license": "MIT",
      "peer": true,
      "dependencies": {
        "loose-envify": "^1.1.0"
      },
      "engines": {
        "node": ">=0.10.0"
      }
    },
    "node_modules/@codemirror/autocomplete": {
      "version": "6.20.3",
      "resolved": "https://registry.npmjs.org/@codemirror/autocomplete/-/autocomplete-6.20.3.tgz",
      "integrity": "sha512-tlosUqb+3BbxCxZdu4tKeRghPFC+QM7q4X5YhKV2eCmPG+1r2F3f4AaSz5sCrFqUtX4Jh20VFTKecl16MgiV9g==",
      "license": "MIT",
      "peer": true,
      "dependencies": {
        "@codemirror/language": "^6.0.0",
        "@codemirror/state": "^6.0.0",
        "@codemirror/view": "^6.17.0",
        "@lezer/common": "^1.0.0"
      }
    },
    "node_modules/@codemirror/commands": {
      "version": "6.11.1",
      "resolved": "https://registry.npmjs.org/@codemirror/commands/-/commands-6.11.1.tgz",
      "integrity": "sha512-O/4hG3SC1YwcmQ0d2UVNDs+AsaNWd1iHVxbTeEBuqH+6bExAiPK3iS/BvpY6rZGURALv4ZD3sIgcCmRvw3ehBg==",
      "license": "MIT",
      "peer": true,
      "dependencies": {
        "@codemirror/language": "^6.0.0",
        "@codemirror/state": "^6.7.0",
        "@codemirror/view": "^6.27.0",
        "@lezer/common": "^1.1.0"
      }
    },
    "node_modules/@codemirror/lang-json": {
      "version": "6.0.2",
      "resolved": "https://registry.npmjs.org/@codemirror/lang-json/-/lang-json-6.0.2.tgz",
      "integrity": "sha512-x2OtO+AvwEHrEwR0FyyPtfDUiloG3rnVTSZV1W8UteaLL8/MajQd8DpvUb2YVzC+/T18aSDv0H9mu+xw0EStoQ==",
      "license": "MIT",
      "peer": true,
      "dependencies": {
        "@codemirror/language": "^6.0.0",
        "@lezer/json": "^1.0.0"
      }
    },
    "node_modules/@codemirror/lang-sql": {
      "version": "6.10.0",
      "resolved": "https://registry.npmjs.org/@codemirror/lang-sql/-/lang-sql-6.10.0.tgz",
      "integrity": "sha512-6ayPkEd/yRw0XKBx5uAiToSgGECo/GY2NoJIHXIIQh1EVwLuKoU8BP/qK0qH5NLXAbtJRLuT73hx7P9X34iO4w==",
      "license": "MIT",
      "peer": true,
      "dependencies": {
        "@codemirror/autocomplete": "^6.0.0",
        "@codemirror/language": "^6.0.0",
        "@codemirror/state": "^6.0.0",
        "@lezer/common": "^1.2.0",
        "@lezer/highlight": "^1.0.0",
        "@lezer/lr": "^1.0.0"
      }
    },
    "node_modules/@codemirror/language": {
      "version": "6.12.4",
      "resolved": "https://registry.npmjs.org/@codemirror/language/-/language-6.12.4.tgz",
      "integrity": "sha512-1q4PaT+o6PbgpkJt4Q8Fv5XJxTy4FUZ4MWETtyiDw3J0Pyr9E2vqcKL+k9wcvjNTIsauxvE7OfmWj3FRPHQ76A==",
      "license": "MIT",
      "peer": true,
      "dependencies": {
        "@codemirror/state": "^6.0.0",
        "@codemirror/view": "^6.23.0",
        "@lezer/common": "^1.5.0",
        "@lezer/highlight": "^1.0.0",
        "@lezer/lr": "^1.0.0",
        "style-mod": "^4.0.0"
      }
    },
    "node_modules/@codemirror/state": {
      "version": "6.7.5",
      "resolved": "https://registry.npmjs.org/@codemirror/state/-/state-6.7.5.tgz",
      "integrity": "sha512-QjLbZmY1Au3JiRrDVYFLRD0BZ3SOKS9pR3yjIkd7u27YY8TFD9/Q9fhPnLV5l1mHFSo3hHU/N31vpwEJOx4owQ==",
      "license": "MIT",
      "peer": true,
      "dependencies": {
        "@marijn/find-cluster-break": "^1.0.0"
      }
    },
    "node_modules/@codemirror/view": {
      "version": "6.43.12",
      "resolved": "https://registry.npmjs.org/@codemirror/view/-/view-6.43.12.tgz",
      "integrity": "sha512-Nv0vxQ19NAqvB/c2pFzjIzFlzzJl7jmdtNkwOwGbn0Ks9mFAzibvumz7cQem5cRsFA2cEw2fg+uHZGbcHupLQQ==",
      "license": "MIT",
      "peer": true,
      "dependencies": {
        "@codemirror/state": "^6.7.0",
        "crelt": "^1.0.6",
        "style-mod": "^4.1.0",
        "w3c-keyname": "^2.2.4"
      }
    },
    "node_modules/@flanksource/clicky-ui": {
      "version": "0.3.36",
      "resolved": "https://registry.npmjs.org/@flanksource/clicky-ui/-/clicky-ui-0.3.36.tgz",
      "integrity": "sha512-ix5u2lIcstYUIgx9t/ng33T/k11E4eXeL2/K4CN0tRjeyvQlGceOKjQYWykAJyqV8WVNxmhQW7VrKO8UWUipzg==",
      "license": "Apache-2.0",
      "peer": true,
      "dependencies": {
        "@codemirror/autocomplete": "^6.20.3",
        "@codemirror/commands": "^6.10.4",
        "@codemirror/lang-json": "^6.0.2",
        "@codemirror/lang-sql": "^6.10.0",
        "@codemirror/state": "^6.7.0",
        "@codemirror/view": "^6.43.4",
        "@flanksource/icons": "1.0.63",
        "@floating-ui/react": "^0.27.19",
        "@monaco-editor/react": "^4.7.0",
        "@radix-ui/react-compose-refs": "^1.1.2",
        "@radix-ui/react-slot": "^1.1.1",
        "@tanstack/react-query": "^5.66.8",
        "@tanstack/react-virtual": "^3.13.12",
        "class-variance-authority": "^0.7.1",
        "clsx": "^2.1.1",
        "country-flag-icons": "^1.6.20",
        "dompurify": "^3.4.11",
        "jotai": "^2.20.1",
        "monaco-yaml": "5.1.1",
        "tailwind-merge": "^3.6.0",
        "yaml": "^2.8.3"
      },
      "peerDependencies": {
        "@ai-sdk/react": "^3.0.0",
        "@mdxeditor/editor": "^4.0.4",
        "@shikijs/langs": "^1.24.0",
        "@shikijs/themes": "^1.24.0",
        "@shikijs/transformers": "^1.24.0",
        "ai": "^6.0.0",
        "marked": "^15.0.0",
        "monaco-editor": ">=0.48 <1",
        "react": "^18.0.0 || ^19.0.0",
        "react-dom": "^18.0.0 || ^19.0.0",
        "react-rnd": "^10.5.0",
        "recharts": "^3.0.0",
        "shiki": "^1.24.0",
        "streamdown": "^2.5.0",
        "tailwindcss": "^4.0.0"
      },
      "peerDependenciesMeta": {
        "@ai-sdk/react": {
          "optional": true
        },
        "@mdxeditor/editor": {
          "optional": true
        },
        "@shikijs/langs": {
          "optional": true
        },
        "@shikijs/themes": {
          "optional": true
        },
        "@shikijs/transformers": {
          "optional": true
        },
        "ai": {
          "optional": true
        },
        "marked": {
          "optional": true
        },
        "react-rnd": {
          "optional": true
        },
        "shiki": {
          "optional": true
        },
        "streamdown": {
          "optional": true
        }
      }
    },
    "node_modules/@flanksource/icons": {
      "version": "1.0.63",
      "resolved": "https://registry.npmjs.org/@flanksource/icons/-/icons-1.0.63.tgz",
      "integrity": "sha512-QJ3N49jltwT4xJVvajr/6V++LqTEYKGamjtLA+2NNECDG8I/guhgH3l984rIoE4+dkYTrUPwvoUh4SiKLic8FQ==",
      "license": "MIT",
      "peer": true,
      "peerDependencies": {
        "react": "*"
      }
    },
    "node_modules/@floating-ui/core": {
      "version": "1.8.0",
      "resolved": "https://registry.npmjs.org/@floating-ui/core/-/core-1.8.0.tgz",
      "integrity": "sha512-0CIZ5itps/8x7BG8dEIhs53BvCUH2PCoogtakwRTut+Arm58sJooJ0AuZhLw2HJYIR5cMLNPBSS728sPho2khQ==",
      "license": "MIT",
      "peer": true,
      "dependencies": {
        "@floating-ui/utils": "^0.2.12"
      }
    },
    "node_modules/@floating-ui/dom": {
      "version": "1.8.0",
      "resolved": "https://registry.npmjs.org/@floating-ui/dom/-/dom-1.8.0.tgz",
      "integrity": "sha512-yXSrzeHZBTZadLOlfyhCkJHNeLJnHRnRInwdZ40L7ZiaAtrBwoYlsDrX3v5zB1Utk7CLfzcOVnVVWoXEky7Ceg==",
      "license": "MIT",
      "peer": true,
      "dependencies": {
        "@floating-ui/core": "^1.8.0",
        "@floating-ui/utils": "^0.2.12"
      }
    },
    "node_modules/@floating-ui/react": {
      "version": "0.27.20",
      "resolved": "https://registry.npmjs.org/@floating-ui/react/-/react-0.27.20.tgz",
      "integrity": "sha512-CMqMy7OaXl9W0eq1Uy7L7i2Y/anPvHmFmESd2CEw0t5YvZhcVCeo4MBevAmswRllX7Y2dEidA4ozGPunLSTQpw==",
      "license": "MIT",
      "peer": true,
      "dependencies": {
        "@floating-ui/react-dom": "^2.1.9",
        "@floating-ui/utils": "^0.2.12",
        "tabbable": "^6.0.0"
      },
      "peerDependencies": {
        "react": ">=17.0.0",
        "react-dom": ">=17.0.0"
      }
    },
    "node_modules/@floating-ui/react-dom": {
      "version": "2.1.9",
      "resolved": "https://registry.npmjs.org/@floating-ui/react-dom/-/react-dom-2.1.9.tgz",
      "integrity": "sha512-JDjEFGCpImxDCA7JJKviA0M9+RtmJdj0m/NVU5IMgBK+AmZouAQQ7/+2GLH0GXXY0YMw9oXPB8hKdbPYg5QLYg==",
      "license": "MIT",
      "peer": true,
      "dependencies": {
        "@floating-ui/dom": "^1.8.0"
      },
      "peerDependencies": {
        "react": ">=16.8.0",
        "react-dom": ">=16.8.0"
      }
    },
    "node_modules/@floating-ui/utils": {
      "version": "0.2.12",
      "resolved": "https://registry.npmjs.org/@floating-ui/utils/-/utils-0.2.12.tgz",
      "integrity": "sha512-HpCo8tmWzLVad5s2d19EhAz5zqrrQ6s69qd6moPMQvkOuSwDT1YgRfWSVuc4ennqrgv3OHppiOGMQ7oC13yIww==",
      "license": "MIT",
      "peer": true
    },
    "node_modules/@lezer/common": {
      "version": "1.5.2",
      "resolved": "https://registry.npmjs.org/@lezer/common/-/common-1.5.2.tgz",
      "integrity": "sha512-sxQE460fPZyU3sdc8lafxiPwJHBzZRy/udNFynGQky1SePYBdhkBl1kOagA9uT3pxR8K09bOrmTUqA9wb/PjSQ==",
      "license": "MIT",
      "peer": true
    },
    "node_modules/@lezer/highlight": {
      "version": "1.2.3",
      "resolved": "https://registry.npmjs.org/@lezer/highlight/-/highlight-1.2.3.tgz",
      "integrity": "sha512-qXdH7UqTvGfdVBINrgKhDsVTJTxactNNxLk7+UMwZhU13lMHaOBlJe9Vqp907ya56Y3+ed2tlqzys7jDkTmW0g==",
      "license": "MIT",
      "peer": true,
      "dependencies": {
        "@lezer/common": "^1.3.0"
      }
    },
    "node_modules/@lezer/json": {
      "version": "1.0.3",
      "resolved": "https://registry.npmjs.org/@lezer/json/-/json-1.0.3.tgz",
      "integrity": "sha512-BP9KzdF9Y35PDpv04r0VeSTKDeox5vVr3efE7eBbx3r4s3oNLfunchejZhjArmeieBH+nVOpgIiBJpEAv8ilqQ==",
      "license": "MIT",
      "peer": true,
      "dependencies": {
        "@lezer/common": "^1.2.0",
        "@lezer/highlight": "^1.0.0",
        "@lezer/lr": "^1.0.0"
      }
    },
    "node_modules/@lezer/lr": {
      "version": "1.4.10",
      "resolved": "https://registry.npmjs.org/@lezer/lr/-/lr-1.4.10.tgz",
      "integrity": "sha512-rnCpTIBafOx4mRp43xOxDJbFipJm/c0cia/V5TiGlhmMa+wsSdoGmUN3w5Bqrks/09Q/D4tNAmWaT8p6NRi77A==",
      "license": "MIT",
      "peer": true,
      "dependencies": {
        "@lezer/common": "^1.0.0"
      }
    },
    "node_modules/@marijn/find-cluster-break": {
      "version": "1.0.4",
      "resolved": "https://registry.npmjs.org/@marijn/find-cluster-break/-/find-cluster-break-1.0.4.tgz",
      "integrity": "sha512-Wy0V7+SGUjnF9/TkiM1hKVDPj7jKXduPNboMVtHTA8dySMURWqfg/JZ9E2Sq8JgSJmkl7k7Qe9FLeMSrSraWmQ==",
      "license": "MIT",
      "peer": true
    },
    "node_modules/@monaco-editor/loader": {
      "version": "1.7.0",
      "resolved": "https://registry.npmjs.org/@monaco-editor/loader/-/loader-1.7.0.tgz",
      "integrity": "sha512-gIwR1HrJrrx+vfyOhYmCZ0/JcWqG5kbfG7+d3f/C1LXk2EvzAbHSg3MQ5lO2sMlo9izoAZ04shohfKLVT6crVA==",
      "license": "MIT",
      "peer": true,
      "dependencies": {
        "state-local": "^1.0.6"
      }
    },
    "node_modules/@monaco-editor/react": {
      "version": "4.7.0",
      "resolved": "https://registry.npmjs.org/@monaco-editor/react/-/react-4.7.0.tgz",
      "integrity": "sha512-cyzXQCtO47ydzxpQtCGSQGOC8Gk3ZUeBXFAxD+CWXYFo5OqZyZUonFl0DwUlTyAfRHntBfw2p3w4s9R6oe1eCA==",
      "license": "MIT",
      "peer": true,
      "dependencies": {
        "@monaco-editor/loader": "^1.5.0"
      },
      "peerDependencies": {
        "monaco-editor": ">= 0.25.0 < 1",
        "react": "^16.8.0 || ^17.0.0 || ^18.0.0 || ^19.0.0",
        "react-dom": "^16.8.0 || ^17.0.0 || ^18.0.0 || ^19.0.0"
      }
    },
    "node_modules/@radix-ui/react-compose-refs": {
      "version": "1.1.5",
      "resolved": "https://registry.npmjs.org/@radix-ui/react-compose-refs/-/react-compose-refs-1.1.5.tgz",
      "integrity": "sha512-+48PbAAbq3didjJxa+OaWY2ZwgAKsNiRGyeHKszblZMQ+kcpd9pAaT11cMkGEie0vsOi3QdeTE6d5Fe3Gn61kA==",
      "license": "MIT",
      "peer": true,
      "peerDependencies": {
        "@types/react": "*",
        "react": "^16.8 || ^17.0 || ^18.0 || ^19.0 || ^19.0.0-rc"
      },
      "peerDependenciesMeta": {
        "@types/react": {
          "optional": true
        }
      }
    },
    "node_modules/@radix-ui/react-slot": {
      "version": "1.3.3",
      "resolved": "https://registry.npmjs.org/@radix-ui/react-slot/-/react-slot-1.3.3.tgz",
      "integrity": "sha512-qx7oqnYbxnK9kYI9m317qmFmEgo6ywqWvbTogdj7cL9p3/yx4M48p7Rnw5z3H890cL/ow/EeWJsuTykeZVXP5Q==",
      "license": "MIT",
      "peer": true,
      "dependencies": {
        "@radix-ui/react-compose-refs": "1.1.5"
      },
      "peerDependencies": {
        "@types/react": "*",
        "react": "^16.8 || ^17.0 || ^18.0 || ^19.0 || ^19.0.0-rc"
      },
      "peerDependenciesMeta": {
        "@types/react": {
          "optional": true
        }
      }
    },
    "node_modules/@reduxjs/toolkit": {
      "version": "2.12.0",
      "resolved": "https://registry.npmjs.org/@reduxjs/toolkit/-/toolkit-2.12.0.tgz",
      "integrity": "sha512-KiT+RzZbp6mQET+Mg+h2c97+9j1sNflUxQkIHI7Yuzf6Peu+OYpmkn6nbHWmLLWj+1ZODUJFwGZ7gx3L9R9EOw==",
      "license": "MIT",
      "peer": true,
      "dependencies": {
        "@standard-schema/spec": "^1.0.0",
        "@standard-schema/utils": "^0.3.0",
        "immer": "^11.0.0",
        "redux": "^5.0.1",
        "redux-thunk": "^3.1.0",
        "reselect": "^5.1.0"
      },
      "peerDependencies": {
        "react": "^16.9.0 || ^17.0.0 || ^18 || ^19",
        "react-redux": "^7.2.1 || ^8.1.3 || ^9.0.0"
      },
      "peerDependenciesMeta": {
        "react": {
          "optional": true
        },
        "react-redux": {
          "optional": true
        }
      }
    },
    "node_modules/@standard-schema/spec": {
      "version": "1.1.0",
      "resolved": "https://registry.npmjs.org/@standard-schema/spec/-/spec-1.1.0.tgz",
      "integrity": "sha512-l2aFy5jALhniG5HgqrD6jXLi/rUWrKvqN/qJx6yoJsgKhblVd+iqqU4RCXavm/jPityDo5TCvKMnpjKnOriy0w==",
      "license": "MIT",
      "peer": true
    },
    "node_modules/@standard-schema/utils": {
      "version": "0.3.0",
      "resolved": "https://registry.npmjs.org/@standard-schema/utils/-/utils-0.3.0.tgz",
      "integrity": "sha512-e7Mew686owMaPJVNNLs55PUvgz371nKgwsc4vxE49zsODpJEnxgxRo2y/OKrqueavXgZNMDVj3DdHFlaSAeU8g==",
      "license": "MIT",
      "peer": true
    },
    "node_modules/@tanstack/react-query": {
      "resolved": "../../node_modules/.pnpm/@tanstack+react-query@5.101.4_react@18.3.1/node_modules/@tanstack/react-query",
      "link": true
    },
    "node_modules/@tanstack/react-virtual": {
      "version": "3.14.13",
      "resolved": "https://registry.npmjs.org/@tanstack/react-virtual/-/react-virtual-3.14.13.tgz",
      "integrity": "sha512-JbDTAwtzZ99aOeCrAfW5EsE5KSq5RWh6Af2dtFwyLIIk48Ja7vm6n4axu/43T3vfjFnEGJalxJ1wyYjSQD6bSg==",
      "license": "MIT",
      "peer": true,
      "dependencies": {
        "@tanstack/virtual-core": "3.17.11"
      },
      "funding": {
        "type": "github",
        "url": "https://github.com/sponsors/tannerlinsley"
      },
      "peerDependencies": {
        "react": "^16.8.0 || ^17.0.0 || ^18.0.0 || ^19.0.0",
        "react-dom": "^16.8.0 || ^17.0.0 || ^18.0.0 || ^19.0.0"
      }
    },
    "node_modules/@tanstack/virtual-core": {
      "version": "3.17.11",
      "resolved": "https://registry.npmjs.org/@tanstack/virtual-core/-/virtual-core-3.17.11.tgz",
      "integrity": "sha512-+ILjvtHup6Y2hzQ6YzwMgX1Q+oQpxEGOXCEsCNaPoIP0VxMbizIBTmYTDtkerkIQS8/CbP1BRuyt8V/8BCsy1g==",
      "license": "MIT",
      "peer": true,
      "funding": {
        "type": "github",
        "url": "https://github.com/sponsors/tannerlinsley"
      }
    },
    "node_modules/@types/d3-array": {
      "version": "3.2.2",
      "resolved": "https://registry.npmjs.org/@types/d3-array/-/d3-array-3.2.2.tgz",
      "integrity": "sha512-hOLWVbm7uRza0BYXpIIW5pxfrKe0W+D5lrFiAEYR+pb6w3N2SwSMaJbXdUfSEv+dT4MfHBLtn5js0LAWaO6otw==",
      "license": "MIT",
      "peer": true
    },
    "node_modules/@types/d3-color": {
      "version": "3.1.3",
      "resolved": "https://registry.npmjs.org/@types/d3-color/-/d3-color-3.1.3.tgz",
      "integrity": "sha512-iO90scth9WAbmgv7ogoq57O9YpKmFBbmoEoCHDB2xMBY0+/KVrqAaCDyCE16dUspeOvIxFFRI+0sEtqDqy2b4A==",
      "license": "MIT",
      "peer": true
    },
    "node_modules/@types/d3-ease": {
      "version": "3.0.2",
      "resolved": "https://registry.npmjs.org/@types/d3-ease/-/d3-ease-3.0.2.tgz",
      "integrity": "sha512-NcV1JjO5oDzoK26oMzbILE6HW7uVXOHLQvHshBUW4UMdZGfiY6v5BeQwh9a9tCzv+CeefZQHJt5SRgK154RtiA==",
      "license": "MIT",
      "peer": true
    },
    "node_modules/@types/d3-interpolate": {
      "version": "3.0.4",
      "resolved": "https://registry.npmjs.org/@types/d3-interpolate/-/d3-interpolate-3.0.4.tgz",
      "integrity": "sha512-mgLPETlrpVV1YRJIglr4Ez47g7Yxjl1lj7YKsiMCb27VJH9W8NVM6Bb9d8kkpG/uAQS5AmbA48q2IAolKKo1MA==",
      "license": "MIT",
      "peer": true,
      "dependencies": {
        "@types/d3-color": "*"
      }
    },
    "node_modules/@types/d3-path": {
      "version": "3.1.1",
      "resolved": "https://registry.npmjs.org/@types/d3-path/-/d3-path-3.1.1.tgz",
      "integrity": "sha512-VMZBYyQvbGmWyWVea0EHs/BwLgxc+MKi1zLDCONksozI4YJMcTt8ZEuIR4Sb1MMTE8MMW49v0IwI5+b7RmfWlg==",
      "license": "MIT",
      "peer": true
    },
    "node_modules/@types/d3-scale": {
      "version": "4.0.9",
      "resolved": "https://registry.npmjs.org/@types/d3-scale/-/d3-scale-4.0.9.tgz",
      "integrity": "sha512-dLmtwB8zkAeO/juAMfnV+sItKjlsw2lKdZVVy6LRr0cBmegxSABiLEpGVmSJJ8O08i4+sGR6qQtb6WtuwJdvVw==",
      "license": "MIT",
      "peer": true,
      "dependencies": {
        "@types/d3-time": "*"
      }
    },
    "node_modules/@types/d3-shape": {
      "version": "3.2.0",
      "resolved": "https://registry.npmjs.org/@types/d3-shape/-/d3-shape-3.2.0.tgz",
      "integrity": "sha512-kVd74ta9eof3eJOvbNd1vGKS/XERRyQbT26Og63hIsvDO84cjD5gEOhsXf26w3FSoNlPVz84DOFcKv/oou+fMw==",
      "license": "MIT",
      "peer": true,
      "dependencies": {
        "@types/d3-path": "*"
      }
    },
    "node_modules/@types/d3-time": {
      "version": "3.0.4",
      "resolved": "https://registry.npmjs.org/@types/d3-time/-/d3-time-3.0.4.tgz",
      "integrity": "sha512-yuzZug1nkAAaBlBBikKZTgzCeA+k1uy4ZFwWANOfKw5z5LRhV0gNA7gNkKm7HoK+HRN0wX3EkxGk0fpbWhmB7g==",
      "license": "MIT",
      "peer": true
    },
    "node_modules/@types/d3-timer": {
      "version": "3.0.2",
      "resolved": "https://registry.npmjs.org/@types/d3-timer/-/d3-timer-3.0.2.tgz",
      "integrity": "sha512-Ps3T8E8dZDam6fUyNiMkekK3XUsaUEik+idO9/YjPtfj2qruF8tFBXS7XhtE4iIXBLxhmLjP3SXpLhVf21I9Lw==",
      "license": "MIT",
      "peer": true
    },
    "node_modules/@types/json-schema": {
      "version": "7.0.15",
      "resolved": "https://registry.npmjs.org/@types/json-schema/-/json-schema-7.0.15.tgz",
      "integrity": "sha512-5+fP8P8MFNC+AyZCDxrB2pkZFPGzqQWUzpSeuuVLvm8VMcorNYavBqoFcxK8bQz4Qsbn4oUEEem4wDLfcysGHA==",
      "license": "MIT",
      "peer": true
    },
    "node_modules/@types/trusted-types": {
      "version": "2.0.7",
      "resolved": "https://registry.npmjs.org/@types/trusted-types/-/trusted-types-2.0.7.tgz",
      "integrity": "sha512-ScaPdn1dQczgbl0QFTeTOmVHFULt394XJgOQNoyVhZ6r2vLnMLJfBPd53SB52T/3G36VI1/g2MZaX0cwDuXsfw==",
      "license": "MIT",
      "optional": true,
      "peer": true
    },
    "node_modules/@types/use-sync-external-store": {
      "version": "0.0.6",
      "resolved": "https://registry.npmjs.org/@types/use-sync-external-store/-/use-sync-external-store-0.0.6.tgz",
      "integrity": "sha512-zFDAD+tlpf2r4asuHEj0XH6pY6i0g5NeAHPn+15wk3BV6JA69eERFXC1gyGThDkVa1zCyKr5jox1+2LbV/AMLg==",
      "license": "MIT",
      "peer": true
    },
    "node_modules/class-variance-authority": {
      "version": "0.7.1",
      "resolved": "https://registry.npmjs.org/class-variance-authority/-/class-variance-authority-0.7.1.tgz",
      "integrity": "sha512-Ka+9Trutv7G8M6WT6SeiRWz792K5qEqIGEGzXKhAE6xOWAY6pPH8U+9IY3oCMv6kqTmLsv7Xh/2w2RigkePMsg==",
      "license": "Apache-2.0",
      "peer": true,
      "dependencies": {
        "clsx": "^2.1.1"
      },
      "funding": {
        "url": "https://polar.sh/cva"
      }
    },
    "node_modules/clsx": {
      "version": "2.1.1",
      "resolved": "https://registry.npmjs.org/clsx/-/clsx-2.1.1.tgz",
      "integrity": "sha512-eYm0QWBtUrBWZWG0d386OGAw16Z995PiOVo2B7bjWSbHedGl5e0ZWaq65kOGgUSNesEIDkB9ISbTg/JK9dhCZA==",
      "license": "MIT",
      "peer": true,
      "engines": {
        "node": ">=6"
      }
    },
    "node_modules/country-flag-icons": {
      "version": "1.6.20",
      "resolved": "https://registry.npmjs.org/country-flag-icons/-/country-flag-icons-1.6.20.tgz",
      "integrity": "sha512-py8JiEKzjhYw6HPJ0L7SxLgCYim36UPRTZX43/kqGueUCZLSvnrqAiwW8HtQibur7mdkFQUkjOgdK+o/9FBtaw==",
      "license": "MIT",
      "peer": true
    },
    "node_modules/crelt": {
      "version": "1.0.7",
      "resolved": "https://registry.npmjs.org/crelt/-/crelt-1.0.7.tgz",
      "integrity": "sha512-aK6BbWfhf4U/wCcLHKPJl/xa6VkVstRaPywWtMKGwuOLc/wZTyQYuoxgvZnNsBvv7Kg3YTBQYYBCggcviQczuA==",
      "license": "MIT",
      "peer": true
    },
    "node_modules/d3-array": {
      "version": "3.2.4",
      "resolved": "https://registry.npmjs.org/d3-array/-/d3-array-3.2.4.tgz",
      "integrity": "sha512-tdQAmyA18i4J7wprpYq8ClcxZy3SC31QMeByyCFyRt7BVHdREQZ5lpzoe5mFEYZUWe+oq8HBvk9JjpibyEV4Jg==",
      "license": "ISC",
      "peer": true,
      "dependencies": {
        "internmap": "1 - 2"
      },
      "engines": {
        "node": ">=12"
      }
    },
    "node_modules/d3-color": {
      "version": "3.1.0",
      "resolved": "https://registry.npmjs.org/d3-color/-/d3-color-3.1.0.tgz",
      "integrity": "sha512-zg/chbXyeBtMQ1LbD/WSoW2DpC3I0mpmPdW+ynRTj/x2DAWYrIY7qeZIHidozwV24m4iavr15lNwIwLxRmOxhA==",
      "license": "ISC",
      "peer": true,
      "engines": {
        "node": ">=12"
      }
    },
    "node_modules/d3-ease": {
      "version": "3.0.1",
      "resolved": "https://registry.npmjs.org/d3-ease/-/d3-ease-3.0.1.tgz",
      "integrity": "sha512-wR/XK3D3XcLIZwpbvQwQ5fK+8Ykds1ip7A2Txe0yxncXSdq1L9skcG7blcedkOX+ZcgxGAmLX1FrRGbADwzi0w==",
      "license": "BSD-3-Clause",
      "peer": true,
      "engines": {
        "node": ">=12"
      }
    },
    "node_modules/d3-format": {
      "version": "3.1.2",
      "resolved": "https://registry.npmjs.org/d3-format/-/d3-format-3.1.2.tgz",
      "integrity": "sha512-AJDdYOdnyRDV5b6ArilzCPPwc1ejkHcoyFarqlPqT7zRYjhavcT3uSrqcMvsgh2CgoPbK3RCwyHaVyxYcP2Arg==",
      "license": "ISC",
      "peer": true,
      "engines": {
        "node": ">=12"
      }
    },
    "node_modules/d3-interpolate": {
      "version": "3.0.1",
      "resolved": "https://registry.npmjs.org/d3-interpolate/-/d3-interpolate-3.0.1.tgz",
      "integrity": "sha512-3bYs1rOD33uo8aqJfKP3JWPAibgw8Zm2+L9vBKEHJ2Rg+viTR7o5Mmv5mZcieN+FRYaAOWX5SJATX6k1PWz72g==",
      "license": "ISC",
      "peer": true,
      "dependencies": {
        "d3-color": "1 - 3"
      },
      "engines": {
        "node": ">=12"
      }
    },
    "node_modules/d3-path": {
      "version": "3.1.0",
      "resolved": "https://registry.npmjs.org/d3-path/-/d3-path-3.1.0.tgz",
      "integrity": "sha512-p3KP5HCf/bvjBSSKuXid6Zqijx7wIfNW+J/maPs+iwR35at5JCbLUT0LzF1cnjbCHWhqzQTIN2Jpe8pRebIEFQ==",
      "license": "ISC",
      "peer": true,
      "engines": {
        "node": ">=12"
      }
    },
    "node_modules/d3-scale": {
      "version": "4.0.2",
      "resolved": "https://registry.npmjs.org/d3-scale/-/d3-scale-4.0.2.tgz",
      "integrity": "sha512-GZW464g1SH7ag3Y7hXjf8RoUuAFIqklOAq3MRl4OaWabTFJY9PN/E1YklhXLh+OQ3fM9yS2nOkCoS+WLZ6kvxQ==",
      "license": "ISC",
      "peer": true,
      "dependencies": {
        "d3-array": "2.10.0 - 3",
        "d3-format": "1 - 3",
        "d3-interpolate": "1.2.0 - 3",
        "d3-time": "2.1.1 - 3",
        "d3-time-format": "2 - 4"
      },
      "engines": {
        "node": ">=12"
      }
    },
    "node_modules/d3-shape": {
      "version": "3.2.0",
      "resolved": "https://registry.npmjs.org/d3-shape/-/d3-shape-3.2.0.tgz",
      "integrity": "sha512-SaLBuwGm3MOViRq2ABk3eLoxwZELpH6zhl3FbAoJ7Vm1gofKx6El1Ib5z23NUEhF9AsGl7y+dzLe5Cw2AArGTA==",
      "license": "ISC",
      "peer": true,
      "dependencies": {
        "d3-path": "^3.1.0"
      },
      "engines": {
        "node": ">=12"
      }
    },
    "node_modules/d3-time": {
      "version": "3.1.0",
      "resolved": "https://registry.npmjs.org/d3-time/-/d3-time-3.1.0.tgz",
      "integrity": "sha512-VqKjzBLejbSMT4IgbmVgDjpkYrNWUYJnbCGo874u7MMKIWsILRX+OpX/gTk8MqjpT1A/c6HY2dCA77ZN0lkQ2Q==",
      "license": "ISC",
      "peer": true,
      "dependencies": {
        "d3-array": "2 - 3"
      },
      "engines": {
        "node": ">=12"
      }
    },
    "node_modules/d3-time-format": {
      "version": "4.1.0",
      "resolved": "https://registry.npmjs.org/d3-time-format/-/d3-time-format-4.1.0.tgz",
      "integrity": "sha512-dJxPBlzC7NugB2PDLwo9Q8JiTR3M3e4/XANkreKSUxF8vvXKqm1Yfq4Q5dl8budlunRVlUUaDUgFt7eA8D6NLg==",
      "license": "ISC",
      "peer": true,
      "dependencies": {
        "d3-time": "1 - 3"
      },
      "engines": {
        "node": ">=12"
      }
    },
    "node_modules/d3-timer": {
      "version": "3.0.1",
      "resolved": "https://registry.npmjs.org/d3-timer/-/d3-timer-3.0.1.tgz",
      "integrity": "sha512-ndfJ/JxxMd3nw31uyKoY2naivF+r29V+Lc0svZxe1JvvIRmi8hUsrMvdOwgS1o6uBHmiz91geQ0ylPP0aj1VUA==",
      "license": "ISC",
      "peer": true,
      "engines": {
        "node": ">=12"
      }
    },
    "node_modules/decimal.js-light": {
      "version": "2.5.1",
      "resolved": "https://registry.npmjs.org/decimal.js-light/-/decimal.js-light-2.5.1.tgz",
      "integrity": "sha512-qIMFpTMZmny+MMIitAB6D7iVPEorVw6YQRWkvarTkT4tBeSLLiHzcwj6q0MmYSFCiVpiqPJTJEYIrpcPzVEIvg==",
      "license": "MIT",
      "peer": true
    },
    "node_modules/dompurify": {
      "version": "3.4.15",
      "resolved": "https://registry.npmjs.org/dompurify/-/dompurify-3.4.15.tgz",
      "integrity": "sha512-EUBjM+B+lkDE41iE82DDSCfkoPGfXx8IxFxPMjNzm/Uk4xDet77rTN9wqlxlVg71kK7XGuUMv6wUxJUwwv+Xyw==",
      "license": "(MPL-2.0 OR Apache-2.0)",
      "peer": true,
      "optionalDependencies": {
        "@types/trusted-types": "^2.0.7"
      }
    },
    "node_modules/es-toolkit": {
      "version": "1.52.0",
      "resolved": "https://registry.npmjs.org/es-toolkit/-/es-toolkit-1.52.0.tgz",
      "integrity": "sha512-XTNEJQh1tY1ZJVcf6ayP/2n4ZPyaHlW2FWs7xvw5ddPuhUVjLD3olQVQS7kf58JbAB48iL0uL/jerTrjtV3lDA==",
      "license": "MIT",
      "peer": true,
      "workspaces": [
        "docs",
        "benchmarks",
        "tests/types",
        "tests/browser-compat"
      ]
    },
    "node_modules/eventemitter3": {
      "version": "5.0.4",
      "resolved": "https://registry.npmjs.org/eventemitter3/-/eventemitter3-5.0.4.tgz",
      "integrity": "sha512-mlsTRyGaPBjPedk6Bvw+aqbsXDtoAyAzm5MO7JgU+yVRyMQ5O8bD4Kcci7BS85f93veegeCPkL8R4GLClnjLFw==",
      "license": "MIT",
      "peer": true
    },
    "node_modules/immer": {
      "version": "11.1.18",
      "resolved": "https://registry.npmjs.org/immer/-/immer-11.1.18.tgz",
      "integrity": "sha512-EQyQtLiYW029lyoczMl/Hh4Xu7cDecSc58JRYpHyL4tIAu3eqd1yJzQX04d2BZHDkzFFvm6qJEJWOtfDSWAXbQ==",
      "license": "MIT",
      "peer": true,
      "funding": {
        "type": "opencollective",
        "url": "https://opencollective.com/immer"
      }
    },
    "node_modules/internmap": {
      "version": "2.0.3",
      "resolved": "https://registry.npmjs.org/internmap/-/internmap-2.0.3.tgz",
      "integrity": "sha512-5Hh7Y1wQbvY5ooGgPbDaL5iYLAPzMTUrjMulskHLH6wnv/A+1q5rgEaiuqEjB+oxGXIVZs1FF+R/KPN3ZSQYYg==",
      "license": "ISC",
      "peer": true,
      "engines": {
        "node": ">=12"
      }
    },
    "node_modules/jotai": {
      "version": "2.20.3",
      "resolved": "https://registry.npmjs.org/jotai/-/jotai-2.20.3.tgz",
      "integrity": "sha512-N8L9FUbeGDP+0qNJw1FebOxt+5hk+jTOwUA2LlRE4C081jUcY6F1T/FSETp4DT2/INMtiSRZyNm2D+yZdzrSgA==",
      "license": "MIT",
      "peer": true,
      "engines": {
        "node": ">=12.20.0"
      },
      "peerDependencies": {
        "@babel/core": ">=7.0.0",
        "@babel/template": ">=7.0.0",
        "@types/react": ">=17.0.0",
        "react": ">=17.0.0"
      },
      "peerDependenciesMeta": {
        "@babel/core": {
          "optional": true
        },
        "@babel/template": {
          "optional": true
        },
        "@types/react": {
          "optional": true
        },
        "react": {
          "optional": true
        }
      }
    },
    "node_modules/jsonc-parser": {
      "version": "3.3.1",
      "resolved": "https://registry.npmjs.org/jsonc-parser/-/jsonc-parser-3.3.1.tgz",
      "integrity": "sha512-HUgH65KyejrUFPvHFPbqOY0rsFip3Bo5wb4ngvdi1EpCYWUQDC5V+Y7mZws+DLkr4M//zQJoanu1SP+87Dv1oQ==",
      "license": "MIT",
      "peer": true
    },
    "node_modules/monaco-editor": {
      "version": "0.56.0",
      "resolved": "https://registry.npmjs.org/monaco-editor/-/monaco-editor-0.56.0.tgz",
      "integrity": "sha512-sXboRm3BeBeLm938eaiyLMe0OxzfXIlZvbv4ir/jVgQy1zDhWjgmny0WoN45fuDKhCCQsYMbBJrv/A6jd8aCUg==",
      "license": "MIT",
      "peer": true,
      "dependencies": {
        "dompurify": "3.4.8",
        "marked": "14.0.0"
      }
    },
    "node_modules/monaco-editor/node_modules/dompurify": {
      "version": "3.4.8",
      "resolved": "https://registry.npmjs.org/dompurify/-/dompurify-3.4.8.tgz",
      "integrity": "sha512-yb1cEmaOum7wFvOCSQxyfgVlv5D47Rc30iZWoMpbDIWTnJ6grDDQyu2KFJzB2k7u0pMuJcQ1zphH//fFnw2tjQ==",
      "license": "(MPL-2.0 OR Apache-2.0)",
      "peer": true,
      "optionalDependencies": {
        "@types/trusted-types": "^2.0.7"
      }
    },
    "node_modules/monaco-editor/node_modules/marked": {
      "version": "14.0.0",
      "resolved": "https://registry.npmjs.org/marked/-/marked-14.0.0.tgz",
      "integrity": "sha512-uIj4+faQ+MgHgwUW1l2PsPglZLOLOT1uErt06dAPtx2kjteLAkbsd/0FiYg/MGS+i7ZKLb7w2WClxHkzOOuryQ==",
      "license": "MIT",
      "peer": true,
      "bin": {
        "marked": "bin/marked.js"
      },
      "engines": {
        "node": ">= 18"
      }
    },
    "node_modules/monaco-languageserver-types": {
      "version": "0.3.4",
      "resolved": "https://registry.npmjs.org/monaco-languageserver-types/-/monaco-languageserver-types-0.3.4.tgz",
      "integrity": "sha512-d58sP5yNhjs8uG1ESXs0hFnuX2YfdMhiGeWhdgTUZyG9aaWgyI4dDwrK1khf1mPF2u9Sljv42sfYqPFZnqYMYg==",
      "license": "MIT",
      "peer": true,
      "dependencies": {
        "monaco-types": "^0.1.0",
        "vscode-languageserver-protocol": "^3.0.0",
        "vscode-uri": "^3.0.0"
      },
      "funding": {
        "url": "https://github.com/sponsors/remcohaszing"
      }
    },
    "node_modules/monaco-marker-data-provider": {
      "version": "1.2.5",
      "resolved": "https://registry.npmjs.org/monaco-marker-data-provider/-/monaco-marker-data-provider-1.2.5.tgz",
      "integrity": "sha512-5ZdcYukhPwgYMCvlZ9H5uWs5jc23BQ8fFF5AhSIdrz5mvYLsqGZ58ZLxTv8rCX6+AxdJ8+vxg1HVSk+F2bLosg==",
      "license": "MIT",
      "peer": true,
      "dependencies": {
        "monaco-types": "^0.1.0"
      },
      "funding": {
        "url": "https://github.com/sponsors/remcohaszing"
      }
    },
    "node_modules/monaco-types": {
      "version": "0.1.2",
      "resolved": "https://registry.npmjs.org/monaco-types/-/monaco-types-0.1.2.tgz",
      "integrity": "sha512-8LwfrlWXsedHwAL41xhXyqzPibS8IqPuIXr9NdORhonS495c2/wky+sI1PRLvMCuiI0nqC2NH1six9hdiRY4Xg==",
      "license": "MIT",
      "peer": true,
      "funding": {
        "url": "https://github.com/sponsors/remcohaszing"
      }
    },
    "node_modules/monaco-worker-manager": {
      "version": "2.0.1",
      "resolved": "https://registry.npmjs.org/monaco-worker-manager/-/monaco-worker-manager-2.0.1.tgz",
      "integrity": "sha512-kdPL0yvg5qjhKPNVjJoym331PY/5JC11aPJXtCZNwWRvBr6jhkIamvYAyiY5P1AWFmNOy0aRDRoMdZfa71h8kg==",
      "license": "MIT",
      "peer": true,
      "peerDependencies": {
        "monaco-editor": ">=0.30.0"
      }
    },
    "node_modules/monaco-yaml": {
      "version": "5.1.1",
      "resolved": "https://registry.npmjs.org/monaco-yaml/-/monaco-yaml-5.1.1.tgz",
      "integrity": "sha512-BuZ0/ZCGjrPNRzYMZ/MoxH8F/SdM+mATENXnpOhDYABi1Eh+QvxSszEct+ACSCarZiwLvy7m6yEF/pvW8XJkyQ==",
      "license": "MIT",
      "peer": true,
      "workspaces": [
        "examples/*"
      ],
      "dependencies": {
        "@types/json-schema": "^7.0.0",
        "jsonc-parser": "^3.0.0",
        "monaco-languageserver-types": "^0.3.0",
        "monaco-marker-data-provider": "^1.0.0",
        "monaco-types": "^0.1.0",
        "monaco-worker-manager": "^2.0.0",
        "path-browserify": "^1.0.0",
        "prettier": "^2.0.0",
        "vscode-languageserver-textdocument": "^1.0.0",
        "vscode-languageserver-types": "^3.0.0",
        "vscode-uri": "^3.0.0",
        "yaml": "^2.0.0"
      },
      "funding": {
        "url": "https://github.com/sponsors/remcohaszing"
      },
      "peerDependencies": {
        "monaco-editor": ">=0.36"
      }
    },
    "node_modules/path-browserify": {
      "version": "1.0.1",
      "resolved": "https://registry.npmjs.org/path-browserify/-/path-browserify-1.0.1.tgz",
      "integrity": "sha512-b7uo2UCUOYZcnF/3ID0lulOJi/bafxa1xPe7ZPsammBSpjSWQkjNxlt635YGS2MiR9GjvuXCtz2emr3jbsz98g==",
      "license": "MIT",
      "peer": true
    },
    "node_modules/prettier": {
      "version": "2.8.8",
      "resolved": "https://registry.npmjs.org/prettier/-/prettier-2.8.8.tgz",
      "integrity": "sha512-tdN8qQGvNjw4CHbY+XXk0JgCXn9QiF21a55rBe5LJAU+kDyC4WQn4+awm2Xfk2lQMk5fKup9XgzTZtGkjBdP9Q==",
      "license": "MIT",
      "peer": true,
      "bin": {
        "prettier": "bin-prettier.js"
      },
      "engines": {
        "node": ">=10.13.0"
      },
      "funding": {
        "url": "https://github.com/prettier/prettier?sponsor=1"
      }
    },
    "node_modules/react": {
      "resolved": "../../node_modules/.pnpm/react@18.3.1/node_modules/react",
      "link": true
    },
    "node_modules/react-dom": {
      "resolved": "../../node_modules/.pnpm/react-dom@18.3.1_react@18.3.1/node_modules/react-dom",
      "link": true
    },
    "node_modules/react-is": {
      "version": "19.3.0",
      "resolved": "https://registry.npmjs.org/react-is/-/react-is-19.3.0.tgz",
      "integrity": "sha512-UpMYezM4v5/18F28aC66AEsjXIgE02kyEMH6yLdgLXu/UTfa1Ntwck/nNLrbqJsEXW7gPb0coNO9FQse9WTovA==",
      "license": "MIT",
      "peer": true
    },
    "node_modules/react-redux": {
      "version": "9.3.0",
      "resolved": "https://registry.npmjs.org/react-redux/-/react-redux-9.3.0.tgz",
      "integrity": "sha512-KQopgqFo/p/fgmAs5qz6p5RWaNAzq40WAu7fJIXnQpYxFPbJYtsJPWvGeF2rOBaY/kEuV77AVsX8TsQzKm+A/g==",
      "license": "MIT",
      "peer": true,
      "dependencies": {
        "@types/use-sync-external-store": "^0.0.6",
        "use-sync-external-store": "^1.4.0"
      },
      "peerDependencies": {
        "@types/react": "^18.2.25 || ^19",
        "react": "^18.0 || ^19",
        "redux": "^5.0.0"
      },
      "peerDependenciesMeta": {
        "@types/react": {
          "optional": true
        },
        "redux": {
          "optional": true
        }
      }
    },
    "node_modules/recharts": {
      "version": "3.10.1",
      "resolved": "https://registry.npmjs.org/recharts/-/recharts-3.10.1.tgz",
      "integrity": "sha512-QXFrvt6IVcw7eeZCoyXTwkIJAX3Dv1nyVhMicXJ47GsGDDpcN8z6o644DibE9XjpBTThtsomLKnTV6lc+cVFUA==",
      "license": "MIT",
      "peer": true,
      "workspaces": [
        "www"
      ],
      "dependencies": {
        "@reduxjs/toolkit": "^1.9.0 || 2.x.x",
        "clsx": "^2.1.1",
        "decimal.js-light": "^2.5.1",
        "es-toolkit": "^1.39.3",
        "eventemitter3": "^5.0.1",
        "immer": "^11.1.8",
        "react-redux": "8.x.x || 9.x.x",
        "reselect": "5.2.0",
        "tiny-invariant": "^1.3.3",
        "use-sync-external-store": "^1.2.2",
        "victory-vendor": "^37.0.2"
      },
      "engines": {
        "node": ">=18"
      },
      "peerDependencies": {
        "react": "^16.8.0 || ^17.0.0 || ^18.0.0 || ^19.0.0",
        "react-dom": "^16.0.0 || ^17.0.0 || ^18.0.0 || ^19.0.0",
        "react-is": "^16.8.0 || ^17.0.0 || ^18.0.0 || ^19.0.0"
      }
    },
    "node_modules/redux": {
      "version": "5.0.1",
      "resolved": "https://registry.npmjs.org/redux/-/redux-5.0.1.tgz",
      "integrity": "sha512-M9/ELqF6fy8FwmkpnF0S3YKOqMyoWJ4+CS5Efg2ct3oY9daQvd/Pc71FpGZsVsbl3Cpb+IIcjBDUnnyBdQbq4w==",
      "license": "MIT",
      "peer": true
    },
    "node_modules/redux-thunk": {
      "version": "3.1.0",
      "resolved": "https://registry.npmjs.org/redux-thunk/-/redux-thunk-3.1.0.tgz",
      "integrity": "sha512-NW2r5T6ksUKXCabzhL9z+h206HQw/NJkcLm1GPImRQ8IzfXwRGqjVhKJGauHirT0DAuyy6hjdnMZaRoAcy0Klw==",
      "license": "MIT",
      "peer": true,
      "peerDependencies": {
        "redux": "^5.0.0"
      }
    },
    "node_modules/reselect": {
      "version": "5.2.0",
      "resolved": "https://registry.npmjs.org/reselect/-/reselect-5.2.0.tgz",
      "integrity": "sha512-AgZ3UOZm3YndfrJ4OYjgrT7bmCm/1iqkjvEfH/oYjzh6PD2qw4QuT3jjnXIrpdt4MTpMXclMT3lXbmRY+XRakw==",
      "license": "MIT",
      "peer": true
    },
    "node_modules/state-local": {
      "version": "1.0.7",
      "resolved": "https://registry.npmjs.org/state-local/-/state-local-1.0.7.tgz",
      "integrity": "sha512-HTEHMNieakEnoe33shBYcZ7NX83ACUjCu8c40iOGEZsngj9zRnkqS9j1pqQPXwobB0ZcVTk27REb7COQ0UR59w==",
      "license": "MIT",
      "peer": true
    },
    "node_modules/style-mod": {
      "version": "4.1.4",
      "resolved": "https://registry.npmjs.org/style-mod/-/style-mod-4.1.4.tgz",
      "integrity": "sha512-XXWIQt633/EpAFx8aZDOTjBzrCaGmhvEQlQo6MVPfa2OzO2cWo+4hV9h+6UkHYlXGfy+ODXKUdP7Pthmcu5ATw==",
      "license": "MIT",
      "peer": true
    },
    "node_modules/tabbable": {
      "version": "6.5.0",
      "resolved": "https://registry.npmjs.org/tabbable/-/tabbable-6.5.0.tgz",
      "integrity": "sha512-wieBHXygIm7OyQOu5hQlkk62/WyCFYGlWg7L6/ZCUZwx0o398Zkn4pVmMyfYhfMG8kGrj/Krt8eIk6UKC6VzwA==",
      "license": "MIT",
      "peer": true
    },
    "node_modules/tailwind-merge": {
      "version": "3.7.0",
      "resolved": "https://registry.npmjs.org/tailwind-merge/-/tailwind-merge-3.7.0.tgz",
      "integrity": "sha512-XPPUyAc+cvspz3lHTcR/QgPfW2A0lv/xQNIjX3HGhLR+Nq2lHaLq5MtTesHn8GUr3W3DguT2KT5x3NVgRtYwmA==",
      "license": "MIT",
      "peer": true,
      "funding": {
        "type": "github",
        "url": "https://github.com/sponsors/dcastil"
      }
    },
    "node_modules/tailwindcss": {
      "version": "4.3.3",
      "resolved": "https://registry.npmjs.org/tailwindcss/-/tailwindcss-4.3.3.tgz",
      "integrity": "sha512-gOhV3P7ufE62QDGg1zVaTgCR+EtPv92k2nIhVcVKcLmxT1sUBsQGhnZj175j+MqRt4zLF7ic+sCYjfhxMxj7YQ==",
      "license": "MIT",
      "peer": true
    },
    "node_modules/tiny-invariant": {
      "version": "1.3.3",
      "resolved": "https://registry.npmjs.org/tiny-invariant/-/tiny-invariant-1.3.3.tgz",
      "integrity": "sha512-+FbBPE1o9QAYvviau/qC5SE3caw21q3xkvWKBtja5vgqOWIHHJ3ioaq1VPfn/Szqctz2bU/oYeKd9/z5BL+PVg==",
      "license": "MIT",
      "peer": true
    },
    "node_modules/use-sync-external-store": {
      "version": "1.7.0",
      "resolved": "https://registry.npmjs.org/use-sync-external-store/-/use-sync-external-store-1.7.0.tgz",
      "integrity": "sha512-6L+EeigHMQhdaIPNIFUKwfWJSwWFQ8gJbJ2DLOs5sDIegTwR9fRxvnM3uciHKjIZhFz+KAv2emhWMRvDmMcY8A==",
      "license": "MIT",
      "peer": true,
      "peerDependencies": {
        "react": "^16.8.0 || ^17.0.0 || ^18.0.0 || ^19.0.0"
      }
    },
    "node_modules/victory-vendor": {
      "version": "37.3.6",
      "resolved": "https://registry.npmjs.org/victory-vendor/-/victory-vendor-37.3.6.tgz",
      "integrity": "sha512-SbPDPdDBYp+5MJHhBCAyI7wKM3d5ivekigc2Dk2s7pgbZ9wIgIBYGVw4zGHBml/qTFbexrofXW6Gu4noGxrOwQ==",
      "license": "MIT AND ISC",
      "peer": true,
      "dependencies": {
        "@types/d3-array": "^3.0.3",
        "@types/d3-ease": "^3.0.0",
        "@types/d3-interpolate": "^3.0.1",
        "@types/d3-scale": "^4.0.2",
        "@types/d3-shape": "^3.1.0",
        "@types/d3-time": "^3.0.0",
        "@types/d3-timer": "^3.0.0",
        "d3-array": "^3.1.6",
        "d3-ease": "^3.0.1",
        "d3-interpolate": "^3.0.1",
        "d3-scale": "^4.0.2",
        "d3-shape": "^3.1.0",
        "d3-time": "^3.0.0",
        "d3-timer": "^3.0.1"
      }
    },
    "node_modules/vscode-jsonrpc": {
      "version": "9.0.2",
      "resolved": "https://registry.npmjs.org/vscode-jsonrpc/-/vscode-jsonrpc-9.0.2.tgz",
      "integrity": "sha512-SbQSV9yRemARxeXw6LU5sS6Zq0e9/DgCCX5yelH263ZQWukbTk8EF8fjTrr1dziasf4GwlJbvTwFnTrnQFWZXQ==",
      "license": "MIT",
      "peer": true,
      "engines": {
        "node": ">=14.0.0"
      }
    },
    "node_modules/vscode-languageserver-protocol": {
      "version": "3.18.3",
      "resolved": "https://registry.npmjs.org/vscode-languageserver-protocol/-/vscode-languageserver-protocol-3.18.3.tgz",
      "integrity": "sha512-DF49+WeV5py4zO5hhobp60jjsDSK0lAqA0OuKBLBvp423HPWQcCbhZz3JgyfIewsEz2f8U+X75xNIFHdiXZm2w==",
      "license": "MIT",
      "peer": true,
      "dependencies": {
        "vscode-jsonrpc": "9.0.2",
        "vscode-languageserver-types": "3.18.3"
      }
    },
    "node_modules/vscode-languageserver-textdocument": {
      "version": "1.0.14",
      "resolved": "https://registry.npmjs.org/vscode-languageserver-textdocument/-/vscode-languageserver-textdocument-1.0.14.tgz",
      "integrity": "sha512-EQyqJMi552E4ZTf46izQ4Fj6XquqxCySR3J5ZSD1SisMf6RfpeOWHxGBE8Gr6V0/3GHIGdAzDn8F8+1nTGCnoQ==",
      "license": "MIT",
      "peer": true
    },
    "node_modules/vscode-languageserver-types": {
      "version": "3.18.3",
      "resolved": "https://registry.npmjs.org/vscode-languageserver-types/-/vscode-languageserver-types-3.18.3.tgz",
      "integrity": "sha512-XIlzJ7Qp/jzSI1ds7/FwPAWrPeTZA7pAtlW4hdJ1J6xXWJL6dR9QYnDhJOdLzdKhUQ5Mm6mvUMw+3DcOQQasPw==",
      "license": "MIT",
      "peer": true
    },
    "node_modules/vscode-uri": {
      "version": "3.2.0",
      "resolved": "https://registry.npmjs.org/vscode-uri/-/vscode-uri-3.2.0.tgz",
      "integrity": "sha512-m2gXo3bn0G1kT9InzMf07fTbqMbGtyckj3bH5ktLO+1Ssv+yiATZ4dhwaQv9UZWxJh6E9IFGnQyjgWVDWVBDrg==",
      "license": "MIT",
      "peer": true
    },
    "node_modules/w3c-keyname": {
      "version": "2.2.8",
      "resolved": "https://registry.npmjs.org/w3c-keyname/-/w3c-keyname-2.2.8.tgz",
      "integrity": "sha512-dpojBhNsCNN7T82Tm7k26A6G9ML3NkhDsnw9n/eoxSRlVBB4CEtIQ/KTCLI2Fwf3ataSXRhYFkQi3SlnFwPvPQ==",
      "license": "MIT",
      "peer": true
    },
    "node_modules/yaml": {
      "version": "2.9.1",
      "resolved": "https://registry.npmjs.org/yaml/-/yaml-2.9.1.tgz",
      "integrity": "sha512-3NxN8+78OdzbT7C/WjGsyfPAtJaN3FNDsWxv7Y7mcDsT/oOmgW8BpyQQFFBnvZE3j9Y2Sdz1ULFLezL7Eb2yFw==",
      "license": "ISC",
      "peer": true,
      "bin": {
        "yaml": "bin.mjs"
      },
      "engines": {
        "node": ">= 14.6"
      },
      "funding": {
        "url": "https://github.com/sponsors/eemeli"
      }
    }
  }
}
